{
	"name": "@manniwatch/api-client",
	"version": "0.19.1",
	"lockfileVersion": 1,
	"requires": true,
	"dependencies": {
		"@types/qs": {
			"version": "6.9.5",
			"resolved": "https://registry.npmjs.org/@types/qs/-/qs-6.9.5.tgz",
			"integrity": "sha512-/JHkVHtx/REVG0VVToGRGH2+23hsYLHdyG+GrvoUGlGAd0ErauXDyvHtRI/7H7mzLm+tBCKA7pfcpkQ1lf58iQ==",
			"dev": true
		},
		"axios": {
			"version": "0.21.1",
			"resolved": "https://registry.npmjs.org/axios/-/axios-0.21.1.tgz",
			"integrity": "sha512-dKQiRHxGD9PPRIUNIWvZhPTPpl1rf/OxTYKsqKUDjBwYylTvV7SjSHJb9ratfyzM6wCdLCOYLzs73qpg5c4iGA==",
			"requires": {
				"follow-redirects": "^1.10.0"
			}
		},
		"debug": {
			"version": "4.3.1",
			"resolved": "https://registry.npmjs.org/debug/-/debug-4.3.1.tgz",
			"integrity": "sha512-doEwdvm4PCeK4K3RQN2ZC2BYUBaxwLARCqZmMjtF8a51J2Rb0xpVloFRnCODwqjpwnAoao4pelN8l3RJdv3gRQ==",
			"dev": true,
			"requires": {
				"ms": "2.1.2"
			}
		},
		"follow-redirects": {
			"version": "1.13.1",
			"resolved": "https://registry.npmjs.org/follow-redirects/-/follow-redirects-1.13.1.tgz",
			"integrity": "sha512-SSG5xmZh1mkPGyKzjZP8zLjltIfpW32Y5QpdNJyjcfGxK3qo3NDDkZOZSFiGn1A6SclQxY9GzEwAHQ3dmYRWpg=="
		},
		"json-stringify-safe": {
			"version": "5.0.1",
			"resolved": "https://registry.npmjs.org/json-stringify-safe/-/json-stringify-safe-5.0.1.tgz",
			"integrity": "sha1-Epai1Y/UXxmg9s4B1lcB4sc1tus=",
			"dev": true
		},
		"lodash.set": {
			"version": "4.3.2",
			"resolved": "https://registry.npmjs.org/lodash.set/-/lodash.set-4.3.2.tgz",
			"integrity": "sha1-2HV7HagH3eJIFrDWqEvqGnYjCyM=",
			"dev": true
		},
		"ms": {
			"version": "2.1.2",
			"resolved": "https://registry.npmjs.org/ms/-/ms-2.1.2.tgz",
			"integrity": "sha512-sGkPx+VjMtmA6MX27oA4FBFELFCZZ4S4XqeGOXCv68tT+jb3vk/RyaKWP0PTKyWtmLSM0b+adUTEvbs1PEaH2w==",
			"dev": true
		},
		"nock": {
			"version": "13.0.6",
			"resolved": "https://registry.npmjs.org/nock/-/nock-13.0.6.tgz",
			"integrity": "sha512-W81UZ1Tv21SWDZcA8Lu9LXYVl2gO9ADY5GadC6gFV9690h4TXz0oCkEoMckN/sPMHkDA79Ka9dXga9Mt1+j+Sg==",
			"dev": true,
			"requires": {
				"debug": "^4.1.0",
				"json-stringify-safe": "^5.0.1",
				"lodash.set": "^4.3.2",
				"propagate": "^2.0.0"
			}
		},
		"propagate": {
			"version": "2.0.1",
			"resolved": "https://registry.npmjs.org/propagate/-/propagate-2.0.1.tgz",
			"integrity": "sha512-vGrhOavPSTz4QVNuBNdcNXePNdNMaO1xj9yBeH1ScQPjk/rhg9sSlCXPhMkFuaNNW/syTvYqsnbIJxMBfRbbag==",
			"dev": true
		},
		"qs": {
			"version": "6.9.6",
			"resolved": "https://registry.npmjs.org/qs/-/qs-6.9.6.tgz",
			"integrity": "sha512-TIRk4aqYLNoJUbd+g2lEdz5kLWIuTMRagAXxl78Q0RiVjAOugHmeKNGdd3cwo/ktpf9aL9epCfFqWDEKysUlLQ=="
		}
	}
}
