{
	"name": "@manniwatch/client-types",
	"version": "0.26.5",
	"lockfileVersion": 2,
	"requires": true,
	"packages": {
		"": {
			"name": "@manniwatch/client-types",
			"version": "0.26.5",
			"license": "Apache-2.0",
			"devDependencies": {
				"@types/ol": "6.5.3",
				"ol": "6.5.0"
			},
			"engines": {
				"node": ">=10.0.0"
			},
			"peerDependencies": {
				"ol": "~6.5.0"
			}
		},
		"../api-client": {
			"name": "@manniwatch/api-client",
			"version": "0.26.5",
			"extraneous": true,
			"license": "Apache-2.0",
			"dependencies": {
				"@manniwatch/api-types": "^0.26.5",
				"axios": "~0.21.0",
				"qs": "~6.10.1"
			},
			"devDependencies": {
				"@types/qs": "6.9.6",
				"nock": "13.1.1"
			},
			"engines": {
				"node": ">=10.0.0"
			}
		},
		"../api-types": {
			"name": "@manniwatch/api-types",
			"version": "0.26.5",
			"extraneous": true,
			"license": "Apache-2.0",
			"engines": {
				"node": ">=10.0.0"
			}
		},
		"node_modules/@mapbox/jsonlint-lines-primitives": {
			"version": "2.0.2",
			"resolved": "https://registry.npmjs.org/@mapbox/jsonlint-lines-primitives/-/jsonlint-lines-primitives-2.0.2.tgz",
			"integrity": "sha1-zlblOfg1UrWNENZy6k1vya3HsjQ=",
			"dev": true,
			"engines": {
				"node": ">= 0.6"
			}
		},
		"node_modules/@mapbox/mapbox-gl-style-spec": {
			"version": "13.20.1",
			"resolved": "https://registry.npmjs.org/@mapbox/mapbox-gl-style-spec/-/mapbox-gl-style-spec-13.20.1.tgz",
			"integrity": "sha512-xVCJ3IbKoPwcPrxxtGAxUqHEVxXi1hnJtLIFqgkuZfnzj0KeRbk3dZlDr/KNo1/doJjIoFgPFUO/HMOT+wXGPA==",
			"dev": true,
			"dependencies": {
				"@mapbox/jsonlint-lines-primitives": "~2.0.2",
				"@mapbox/point-geometry": "^0.1.0",
				"@mapbox/unitbezier": "^0.0.0",
				"csscolorparser": "~1.0.2",
				"json-stringify-pretty-compact": "^2.0.0",
				"minimist": "^1.2.5",
				"rw": "^1.3.3",
				"sort-object": "^0.3.2"
			},
			"bin": {
				"gl-style-composite": "bin/gl-style-composite",
				"gl-style-format": "bin/gl-style-format",
				"gl-style-migrate": "bin/gl-style-migrate",
				"gl-style-validate": "bin/gl-style-validate"
			}
		},
		"node_modules/@mapbox/point-geometry": {
			"version": "0.1.0",
			"resolved": "https://registry.npmjs.org/@mapbox/point-geometry/-/point-geometry-0.1.0.tgz",
			"integrity": "sha1-ioP5M1x4YO/6Lu7KJUMyqgru2PI=",
			"dev": true
		},
		"node_modules/@mapbox/unitbezier": {
			"version": "0.0.0",
			"resolved": "https://registry.npmjs.org/@mapbox/unitbezier/-/unitbezier-0.0.0.tgz",
			"integrity": "sha1-FWUb1VOme4WB+zmIEMmK2Go0Uk4=",
			"dev": true
		},
		"node_modules/@types/arcgis-rest-api": {
			"version": "10.4.4",
			"resolved": "https://registry.npmjs.org/@types/arcgis-rest-api/-/arcgis-rest-api-10.4.4.tgz",
			"integrity": "sha512-5NwSfj4po+03fauyr4F5AxYzu8pbbqmxay+pNr5ef2V3Mj+7OylvV48VKuVoO9m799jhZdH3EQgQBHm3Y6q1Sw==",
			"dev": true
		},
		"node_modules/@types/geojson": {
			"version": "7946.0.7",
			"resolved": "https://registry.npmjs.org/@types/geojson/-/geojson-7946.0.7.tgz",
			"integrity": "sha512-wE2v81i4C4Ol09RtsWFAqg3BUitWbHSpSlIo+bNdsCJijO9sjme+zm+73ZMCa/qMC8UEERxzGbvmr1cffo2SiQ==",
			"dev": true
		},
		"node_modules/@types/ol": {
			"version": "6.5.3",
			"resolved": "https://registry.npmjs.org/@types/ol/-/ol-6.5.3.tgz",
			"integrity": "sha512-C0Sm5dytTfRxztYFMuWq0IBJYfMffPF4GzXI/s4ZyJlNZ8AAdS+9fW0iGOyYkTb3ZQmfYWYdAzMqwGXfHVw+3A==",
			"dev": true,
			"dependencies": {
				"@types/arcgis-rest-api": "*",
				"@types/geojson": "*",
				"@types/rbush": "*",
				"@types/topojson-specification": "*"
			}
		},
		"node_modules/@types/rbush": {
			"version": "3.0.0",
			"resolved": "https://registry.npmjs.org/@types/rbush/-/rbush-3.0.0.tgz",
			"integrity": "sha512-W3ue/GYWXBOpkRm0VSoifrP3HV0Ni47aVJWvXyWMcbtpBy/l/K/smBRiJ+fI8f7shXRjZBiux+iJzYbh7VmcZg==",
			"dev": true
		},
		"node_modules/@types/topojson-specification": {
			"version": "1.0.2",
			"resolved": "https://registry.npmjs.org/@types/topojson-specification/-/topojson-specification-1.0.2.tgz",
			"integrity": "sha512-SGc1NdX9g3UGDp6S+p+uyG+Z8CehS51sUJ9bejA25Xgn2kkAguILk6J9nxXK+0M/mbTBN7ypMA7+4HVLNMJ8ag==",
			"dev": true,
			"dependencies": {
				"@types/geojson": "*"
			}
		},
		"node_modules/csscolorparser": {
			"version": "1.0.3",
			"resolved": "https://registry.npmjs.org/csscolorparser/-/csscolorparser-1.0.3.tgz",
			"integrity": "sha1-s085HupNqPPpgjHizNjfnAQfFxs=",
			"dev": true
		},
		"node_modules/ieee754": {
			"version": "1.2.1",
			"resolved": "https://registry.npmjs.org/ieee754/-/ieee754-1.2.1.tgz",
			"integrity": "sha512-dcyqhDvX1C46lXZcVqCpK+FtMRQVdIMN6/Df5js2zouUsqG7I6sFxitIC+7KYK29KdXOLHdu9zL4sFnoVQnqaA==",
			"dev": true,
			"funding": [
				{
					"type": "github",
					"url": "https://github.com/sponsors/feross"
				},
				{
					"type": "patreon",
					"url": "https://www.patreon.com/feross"
				},
				{
					"type": "consulting",
					"url": "https://feross.org/support"
				}
			]
		},
		"node_modules/json-stringify-pretty-compact": {
			"version": "2.0.0",
			"resolved": "https://registry.npmjs.org/json-stringify-pretty-compact/-/json-stringify-pretty-compact-2.0.0.tgz",
			"integrity": "sha512-WRitRfs6BGq4q8gTgOy4ek7iPFXjbra0H3PmDLKm2xnZ+Gh1HUhiKGgCZkSPNULlP7mvfu6FV/mOLhCarspADQ==",
			"dev": true
		},
		"node_modules/mapbox-to-css-font": {
			"version": "2.4.0",
			"resolved": "https://registry.npmjs.org/mapbox-to-css-font/-/mapbox-to-css-font-2.4.0.tgz",
			"integrity": "sha512-v674D0WtpxCXlA6E+sBlG1QJWdUkz/s9qAD91bJSXBGuBL5lL4tJXpoJEftecphCh2SVQCjWMS2vhylc3AIQTg==",
			"dev": true
		},
		"node_modules/minimist": {
			"version": "1.2.5",
			"resolved": "https://registry.npmjs.org/minimist/-/minimist-1.2.5.tgz",
			"integrity": "sha512-FM9nNUYrRBAELZQT3xeZQ7fmMOBg6nWNmJKTcgsJeaLstP/UODVpGsr5OhXhhXg6f+qtJ8uiZ+PUxkDWcgIXLw==",
			"dev": true
		},
		"node_modules/ol": {
			"version": "6.5.0",
			"resolved": "https://registry.npmjs.org/ol/-/ol-6.5.0.tgz",
			"integrity": "sha512-a5ebahrjF5yCPFle1rc0aHzKp/9A4LlUnjh+S3I+x4EgcvcddDhpOX3WDOs0Pg9/wEElrikHSGEvbeej2Hh4Ug==",
			"dev": true,
			"dependencies": {
				"ol-mapbox-style": "^6.1.1",
				"pbf": "3.2.1",
				"rbush": "^3.0.1"
			},
			"funding": {
				"type": "opencollective",
				"url": "https://opencollective.com/openlayers"
			}
		},
		"node_modules/ol-mapbox-style": {
			"version": "6.3.2",
			"resolved": "https://registry.npmjs.org/ol-mapbox-style/-/ol-mapbox-style-6.3.2.tgz",
			"integrity": "sha512-itWZuwZHilztRM9983WmJ+ounaXIS0PdXF8h5xJd7cJhSv02M27w4RQkhiUw35/VLlUdTT/ei3KYi0w2TGDw2A==",
			"dev": true,
			"dependencies": {
				"@mapbox/mapbox-gl-style-spec": "^13.14.0",
				"mapbox-to-css-font": "^2.4.0",
				"webfont-matcher": "^1.1.0"
			},
			"peerDependencies": {
				"ol": "^6.1.0"
			}
		},
		"node_modules/pbf": {
			"version": "3.2.1",
			"resolved": "https://registry.npmjs.org/pbf/-/pbf-3.2.1.tgz",
			"integrity": "sha512-ClrV7pNOn7rtmoQVF4TS1vyU0WhYRnP92fzbfF75jAIwpnzdJXf8iTd4CMEqO4yUenH6NDqLiwjqlh6QgZzgLQ==",
			"dev": true,
			"dependencies": {
				"ieee754": "^1.1.12",
				"resolve-protobuf-schema": "^2.1.0"
			},
			"bin": {
				"pbf": "bin/pbf"
			}
		},
		"node_modules/protocol-buffers-schema": {
			"version": "3.5.1",
			"resolved": "https://registry.npmjs.org/protocol-buffers-schema/-/protocol-buffers-schema-3.5.1.tgz",
			"integrity": "sha512-YVCvdhxWNDP8/nJDyXLuM+UFsuPk4+1PB7WGPVDzm3HTHbzFLxQYeW2iZpS4mmnXrQJGBzt230t/BbEb7PrQaw==",
			"dev": true
		},
		"node_modules/quickselect": {
			"version": "2.0.0",
			"resolved": "https://registry.npmjs.org/quickselect/-/quickselect-2.0.0.tgz",
			"integrity": "sha512-RKJ22hX8mHe3Y6wH/N3wCM6BWtjaxIyyUIkpHOvfFnxdI4yD4tBXEBKSbriGujF6jnSVkJrffuo6vxACiSSxIw==",
			"dev": true
		},
		"node_modules/rbush": {
			"version": "3.0.1",
			"resolved": "https://registry.npmjs.org/rbush/-/rbush-3.0.1.tgz",
			"integrity": "sha512-XRaVO0YecOpEuIvbhbpTrZgoiI6xBlz6hnlr6EHhd+0x9ase6EmeN+hdwwUaJvLcsFFQ8iWVF1GAK1yB0BWi0w==",
			"dev": true,
			"dependencies": {
				"quickselect": "^2.0.0"
			}
		},
		"node_modules/resolve-protobuf-schema": {
			"version": "2.1.0",
			"resolved": "https://registry.npmjs.org/resolve-protobuf-schema/-/resolve-protobuf-schema-2.1.0.tgz",
			"integrity": "sha512-kI5ffTiZWmJaS/huM8wZfEMer1eRd7oJQhDuxeCLe3t7N7mX3z94CN0xPxBQxFYQTSNz9T0i+v6inKqSdK8xrQ==",
			"dev": true,
			"dependencies": {
				"protocol-buffers-schema": "^3.3.1"
			}
		},
		"node_modules/rw": {
			"version": "1.3.3",
			"resolved": "https://registry.npmjs.org/rw/-/rw-1.3.3.tgz",
			"integrity": "sha1-P4Yt+pGrdmsUiF700BEkv9oHT7Q=",
			"dev": true
		},
		"node_modules/sort-asc": {
			"version": "0.1.0",
			"resolved": "https://registry.npmjs.org/sort-asc/-/sort-asc-0.1.0.tgz",
			"integrity": "sha1-q3md9h/HPqCVbHnEtTHtHp53J+k=",
			"dev": true,
			"engines": {
				"node": ">=0.10.0"
			}
		},
		"node_modules/sort-desc": {
			"version": "0.1.1",
			"resolved": "https://registry.npmjs.org/sort-desc/-/sort-desc-0.1.1.tgz",
			"integrity": "sha1-GYuMDN6wlcRjNBhh45JdTuNZqe4=",
			"dev": true,
			"engines": {
				"node": ">=0.10.0"
			}
		},
		"node_modules/sort-object": {
			"version": "0.3.2",
			"resolved": "https://registry.npmjs.org/sort-object/-/sort-object-0.3.2.tgz",
			"integrity": "sha1-mODRme3kDgfGGoRAPGHWw7KQ+eI=",
			"dev": true,
			"dependencies": {
				"sort-asc": "^0.1.0",
				"sort-desc": "^0.1.1"
			},
			"engines": {
				"node": ">=0.10.0"
			}
		},
		"node_modules/webfont-matcher": {
			"version": "1.1.0",
			"resolved": "https://registry.npmjs.org/webfont-matcher/-/webfont-matcher-1.1.0.tgz",
			"integrity": "sha1-mM6VCXsp4x++czBT4Q5XFkLRxsc=",
			"dev": true
		}
	},
	"dependencies": {
		"@mapbox/jsonlint-lines-primitives": {
			"version": "2.0.2",
			"resolved": "https://registry.npmjs.org/@mapbox/jsonlint-lines-primitives/-/jsonlint-lines-primitives-2.0.2.tgz",
			"integrity": "sha1-zlblOfg1UrWNENZy6k1vya3HsjQ=",
			"dev": true
		},
		"@mapbox/mapbox-gl-style-spec": {
			"version": "13.20.1",
			"resolved": "https://registry.npmjs.org/@mapbox/mapbox-gl-style-spec/-/mapbox-gl-style-spec-13.20.1.tgz",
			"integrity": "sha512-xVCJ3IbKoPwcPrxxtGAxUqHEVxXi1hnJtLIFqgkuZfnzj0KeRbk3dZlDr/KNo1/doJjIoFgPFUO/HMOT+wXGPA==",
			"dev": true,
			"requires": {
				"@mapbox/jsonlint-lines-primitives": "~2.0.2",
				"@mapbox/point-geometry": "^0.1.0",
				"@mapbox/unitbezier": "^0.0.0",
				"csscolorparser": "~1.0.2",
				"json-stringify-pretty-compact": "^2.0.0",
				"minimist": "^1.2.5",
				"rw": "^1.3.3",
				"sort-object": "^0.3.2"
			}
		},
		"@mapbox/point-geometry": {
			"version": "0.1.0",
			"resolved": "https://registry.npmjs.org/@mapbox/point-geometry/-/point-geometry-0.1.0.tgz",
			"integrity": "sha1-ioP5M1x4YO/6Lu7KJUMyqgru2PI=",
			"dev": true
		},
		"@mapbox/unitbezier": {
			"version": "0.0.0",
			"resolved": "https://registry.npmjs.org/@mapbox/unitbezier/-/unitbezier-0.0.0.tgz",
			"integrity": "sha1-FWUb1VOme4WB+zmIEMmK2Go0Uk4=",
			"dev": true
		},
		"@types/arcgis-rest-api": {
			"version": "10.4.4",
			"resolved": "https://registry.npmjs.org/@types/arcgis-rest-api/-/arcgis-rest-api-10.4.4.tgz",
			"integrity": "sha512-5NwSfj4po+03fauyr4F5AxYzu8pbbqmxay+pNr5ef2V3Mj+7OylvV48VKuVoO9m799jhZdH3EQgQBHm3Y6q1Sw==",
			"dev": true
		},
		"@types/geojson": {
			"version": "7946.0.7",
			"resolved": "https://registry.npmjs.org/@types/geojson/-/geojson-7946.0.7.tgz",
			"integrity": "sha512-wE2v81i4C4Ol09RtsWFAqg3BUitWbHSpSlIo+bNdsCJijO9sjme+zm+73ZMCa/qMC8UEERxzGbvmr1cffo2SiQ==",
			"dev": true
		},
		"@types/ol": {
			"version": "6.5.3",
			"resolved": "https://registry.npmjs.org/@types/ol/-/ol-6.5.3.tgz",
			"integrity": "sha512-C0Sm5dytTfRxztYFMuWq0IBJYfMffPF4GzXI/s4ZyJlNZ8AAdS+9fW0iGOyYkTb3ZQmfYWYdAzMqwGXfHVw+3A==",
			"dev": true,
			"requires": {
				"@types/arcgis-rest-api": "*",
				"@types/geojson": "*",
				"@types/rbush": "*",
				"@types/topojson-specification": "*"
			}
		},
		"@types/rbush": {
			"version": "3.0.0",
			"resolved": "https://registry.npmjs.org/@types/rbush/-/rbush-3.0.0.tgz",
			"integrity": "sha512-W3ue/GYWXBOpkRm0VSoifrP3HV0Ni47aVJWvXyWMcbtpBy/l/K/smBRiJ+fI8f7shXRjZBiux+iJzYbh7VmcZg==",
			"dev": true
		},
		"@types/topojson-specification": {
			"version": "1.0.2",
			"resolved": "https://registry.npmjs.org/@types/topojson-specification/-/topojson-specification-1.0.2.tgz",
			"integrity": "sha512-SGc1NdX9g3UGDp6S+p+uyG+Z8CehS51sUJ9bejA25Xgn2kkAguILk6J9nxXK+0M/mbTBN7ypMA7+4HVLNMJ8ag==",
			"dev": true,
			"requires": {
				"@types/geojson": "*"
			}
		},
		"csscolorparser": {
			"version": "1.0.3",
			"resolved": "https://registry.npmjs.org/csscolorparser/-/csscolorparser-1.0.3.tgz",
			"integrity": "sha1-s085HupNqPPpgjHizNjfnAQfFxs=",
			"dev": true
		},
		"ieee754": {
			"version": "1.2.1",
			"resolved": "https://registry.npmjs.org/ieee754/-/ieee754-1.2.1.tgz",
			"integrity": "sha512-dcyqhDvX1C46lXZcVqCpK+FtMRQVdIMN6/Df5js2zouUsqG7I6sFxitIC+7KYK29KdXOLHdu9zL4sFnoVQnqaA==",
			"dev": true
		},
		"json-stringify-pretty-compact": {
			"version": "2.0.0",
			"resolved": "https://registry.npmjs.org/json-stringify-pretty-compact/-/json-stringify-pretty-compact-2.0.0.tgz",
			"integrity": "sha512-WRitRfs6BGq4q8gTgOy4ek7iPFXjbra0H3PmDLKm2xnZ+Gh1HUhiKGgCZkSPNULlP7mvfu6FV/mOLhCarspADQ==",
			"dev": true
		},
		"mapbox-to-css-font": {
			"version": "2.4.0",
			"resolved": "https://registry.npmjs.org/mapbox-to-css-font/-/mapbox-to-css-font-2.4.0.tgz",
			"integrity": "sha512-v674D0WtpxCXlA6E+sBlG1QJWdUkz/s9qAD91bJSXBGuBL5lL4tJXpoJEftecphCh2SVQCjWMS2vhylc3AIQTg==",
			"dev": true
		},
		"minimist": {
			"version": "1.2.5",
			"resolved": "https://registry.npmjs.org/minimist/-/minimist-1.2.5.tgz",
			"integrity": "sha512-FM9nNUYrRBAELZQT3xeZQ7fmMOBg6nWNmJKTcgsJeaLstP/UODVpGsr5OhXhhXg6f+qtJ8uiZ+PUxkDWcgIXLw==",
			"dev": true
		},
		"ol": {
			"version": "6.5.0",
			"resolved": "https://registry.npmjs.org/ol/-/ol-6.5.0.tgz",
			"integrity": "sha512-a5ebahrjF5yCPFle1rc0aHzKp/9A4LlUnjh+S3I+x4EgcvcddDhpOX3WDOs0Pg9/wEElrikHSGEvbeej2Hh4Ug==",
			"dev": true,
			"requires": {
				"ol-mapbox-style": "^6.1.1",
				"pbf": "3.2.1",
				"rbush": "^3.0.1"
			}
		},
		"ol-mapbox-style": {
			"version": "6.3.2",
			"resolved": "https://registry.npmjs.org/ol-mapbox-style/-/ol-mapbox-style-6.3.2.tgz",
			"integrity": "sha512-itWZuwZHilztRM9983WmJ+ounaXIS0PdXF8h5xJd7cJhSv02M27w4RQkhiUw35/VLlUdTT/ei3KYi0w2TGDw2A==",
			"dev": true,
			"requires": {
				"@mapbox/mapbox-gl-style-spec": "^13.14.0",
				"mapbox-to-css-font": "^2.4.0",
				"webfont-matcher": "^1.1.0"
			}
		},
		"pbf": {
			"version": "3.2.1",
			"resolved": "https://registry.npmjs.org/pbf/-/pbf-3.2.1.tgz",
			"integrity": "sha512-ClrV7pNOn7rtmoQVF4TS1vyU0WhYRnP92fzbfF75jAIwpnzdJXf8iTd4CMEqO4yUenH6NDqLiwjqlh6QgZzgLQ==",
			"dev": true,
			"requires": {
				"ieee754": "^1.1.12",
				"resolve-protobuf-schema": "^2.1.0"
			}
		},
		"protocol-buffers-schema": {
			"version": "3.5.1",
			"resolved": "https://registry.npmjs.org/protocol-buffers-schema/-/protocol-buffers-schema-3.5.1.tgz",
			"integrity": "sha512-YVCvdhxWNDP8/nJDyXLuM+UFsuPk4+1PB7WGPVDzm3HTHbzFLxQYeW2iZpS4mmnXrQJGBzt230t/BbEb7PrQaw==",
			"dev": true
		},
		"quickselect": {
			"version": "2.0.0",
			"resolved": "https://registry.npmjs.org/quickselect/-/quickselect-2.0.0.tgz",
			"integrity": "sha512-RKJ22hX8mHe3Y6wH/N3wCM6BWtjaxIyyUIkpHOvfFnxdI4yD4tBXEBKSbriGujF6jnSVkJrffuo6vxACiSSxIw==",
			"dev": true
		},
		"rbush": {
			"version": "3.0.1",
			"resolved": "https://registry.npmjs.org/rbush/-/rbush-3.0.1.tgz",
			"integrity": "sha512-XRaVO0YecOpEuIvbhbpTrZgoiI6xBlz6hnlr6EHhd+0x9ase6EmeN+hdwwUaJvLcsFFQ8iWVF1GAK1yB0BWi0w==",
			"dev": true,
			"requires": {
				"quickselect": "^2.0.0"
			}
		},
		"resolve-protobuf-schema": {
			"version": "2.1.0",
			"resolved": "https://registry.npmjs.org/resolve-protobuf-schema/-/resolve-protobuf-schema-2.1.0.tgz",
			"integrity": "sha512-kI5ffTiZWmJaS/huM8wZfEMer1eRd7oJQhDuxeCLe3t7N7mX3z94CN0xPxBQxFYQTSNz9T0i+v6inKqSdK8xrQ==",
			"dev": true,
			"requires": {
				"protocol-buffers-schema": "^3.3.1"
			}
		},
		"rw": {
			"version": "1.3.3",
			"resolved": "https://registry.npmjs.org/rw/-/rw-1.3.3.tgz",
			"integrity": "sha1-P4Yt+pGrdmsUiF700BEkv9oHT7Q=",
			"dev": true
		},
		"sort-asc": {
			"version": "0.1.0",
			"resolved": "https://registry.npmjs.org/sort-asc/-/sort-asc-0.1.0.tgz",
			"integrity": "sha1-q3md9h/HPqCVbHnEtTHtHp53J+k=",
			"dev": true
		},
		"sort-desc": {
			"version": "0.1.1",
			"resolved": "https://registry.npmjs.org/sort-desc/-/sort-desc-0.1.1.tgz",
			"integrity": "sha1-GYuMDN6wlcRjNBhh45JdTuNZqe4=",
			"dev": true
		},
		"sort-object": {
			"version": "0.3.2",
			"resolved": "https://registry.npmjs.org/sort-object/-/sort-object-0.3.2.tgz",
			"integrity": "sha1-mODRme3kDgfGGoRAPGHWw7KQ+eI=",
			"dev": true,
			"requires": {
				"sort-asc": "^0.1.0",
				"sort-desc": "^0.1.1"
			}
		},
		"webfont-matcher": {
			"version": "1.1.0",
			"resolved": "https://registry.npmjs.org/webfont-matcher/-/webfont-matcher-1.1.0.tgz",
			"integrity": "sha1-mM6VCXsp4x++czBT4Q5XFkLRxsc=",
			"dev": true
		}
	}
}
