{
    "name": "@manniwatch/vehicle-location-diff",
    "version": "0.21.1",
    "lockfileVersion": 2,
    "requires": true,
    "packages": {
        "": {
            "name": "@manniwatch/vehicle-location-diff",
            "version": "0.21.1",
            "license": "Apache-2.0",
            "dependencies": {
                "@manniwatch/api-types": "^0.21.1"
            },
            "engines": {
                "node": ">=10.0.0"
            }
        },
        "node_modules/@manniwatch/api-types": {
            "version": "0.21.1",
            "resolved": "https://registry.npmjs.org/@manniwatch/api-types/-/api-types-0.21.1.tgz",
            "integrity": "sha512-BJeRSISPezt4FVZKXF9eEbwZ/EgJAfVhwe15RP9bIDfcb0ObcpuS2ab7EHxTleMz54PKtdfcz3ppJSLkzW2bug==",
            "engines": {
                "node": ">=10.0.0"
            }
        }
    },
    "dependencies": {
        "@manniwatch/api-types": {
            "version": "0.21.1",
            "resolved": "https://registry.npmjs.org/@manniwatch/api-types/-/api-types-0.21.1.tgz",
            "integrity": "sha512-BJeRSISPezt4FVZKXF9eEbwZ/EgJAfVhwe15RP9bIDfcb0ObcpuS2ab7EHxTleMz54PKtdfcz3ppJSLkzW2bug=="
        }
    }
}
