{
    "name": "@manniwatch/vehicle-location-diff",
    "version": "0.22.0",
    "lockfileVersion": 2,
    "requires": true,
    "packages": {
        "": {
            "name": "@manniwatch/vehicle-location-diff",
            "version": "0.22.0",
            "license": "Apache-2.0",
            "dependencies": {
                "@manniwatch/api-types": "^0.22.0"
            },
            "engines": {
                "node": ">=10.0.0"
            }
        },
        "../api-types": {
            "name": "@manniwatch/api-types",
            "version": "0.22.0",
            "license": "Apache-2.0",
            "engines": {
                "node": ">=10.0.0"
            }
        },
        "node_modules/@manniwatch/api-types": {
            "resolved": "../api-types",
            "link": true
        }
    },
    "dependencies": {
        "@manniwatch/api-types": {
            "version": "file:../api-types"
        }
    }
}
