{
    "name": "@manniwatch/vehicle-location-diff",
    "version": "0.24.0",
    "lockfileVersion": 2,
    "requires": true,
    "packages": {
        "": {
            "name": "@manniwatch/vehicle-location-diff",
            "version": "0.22.0",
            "license": "Apache-2.0",
            "dependencies": {
                "@manniwatch/api-types": "^0.22.0"
            },
            "engines": {
                "node": ">=10.0.0"
            }
        },
        "node_modules/@manniwatch/api-types": {
            "version": "0.22.0",
            "resolved": "https://registry.npmjs.org/@manniwatch/api-types/-/api-types-0.22.0.tgz",
            "integrity": "sha512-IohXi/2roniQsxyPJMM6BNBPTeoYoH30l0MhgDxL0iYMlcdNQbQ/P8As5LKjqlFMqNr1f3Cf1tf2Hj456XT1zQ==",
            "engines": {
                "node": ">=10.0.0"
            }
        }
    },
    "dependencies": {
        "@manniwatch/api-types": {
            "version": "0.22.0",
            "resolved": "https://registry.npmjs.org/@manniwatch/api-types/-/api-types-0.22.0.tgz",
            "integrity": "sha512-IohXi/2roniQsxyPJMM6BNBPTeoYoH30l0MhgDxL0iYMlcdNQbQ/P8As5LKjqlFMqNr1f3Cf1tf2Hj456XT1zQ=="
        }
    }
}
